
Microsoft Visual Studio Solution File, Format Version 12.00
# Visual Studio Version 16
VisualStudioVersion = 16.0.31624.102
MinimumVisualStudioVersion = 10.0.40219.1
Project("{9A19103F-16F7-4668-BE54-9A1E7A4F7556}") = "JSCalendar", "JSCalendar\JSCalendar.csproj", "{88C070E9-B476-447F-997D-04DD269497E3}"
EndProject
Project("{FAE04EC0-301F-11D3-BF4B-00C04F79EFBC}") = "Calendar", "Calendar\Calendar.csproj", "{CBD60BBF-42C2-424B-A3F9-D54FD6FDD813}"
EndProject
Global
	GlobalSection(SolutionConfigurationPlatforms) = preSolution
		Debug|Any CPU = Debug|Any CPU
		Release|Any CPU = Release|Any CPU
	EndGlobalSection
	GlobalSection(ProjectConfigurationPlatforms) = postSolution
		{88C070E9-B476-447F-997D-04DD269497E3}.Debug|Any CPU.ActiveCfg = Debug|Any CPU
		{88C070E9-B476-447F-997D-04DD269497E3}.Debug|Any CPU.Build.0 = Debug|Any CPU
		{88C070E9-B476-447F-997D-04DD269497E3}.Release|Any CPU.ActiveCfg = Release|Any CPU
		{88C070E9-B476-447F-997D-04DD269497E3}.Release|Any CPU.Build.0 = Release|Any CPU
		{CBD60BBF-42C2-424B-A3F9-D54FD6FDD813}.Debug|Any CPU.ActiveCfg = Debug|Any CPU
		{CBD60BBF-42C2-424B-A3F9-D54FD6FDD813}.Debug|Any CPU.Build.0 = Debug|Any CPU
		{CBD60BBF-42C2-424B-A3F9-D54FD6FDD813}.Release|Any CPU.ActiveCfg = Release|Any CPU
		{CBD60BBF-42C2-424B-A3F9-D54FD6FDD813}.Release|Any CPU.Build.0 = Release|Any CPU
	EndGlobalSection
	GlobalSection(SolutionProperties) = preSolution
		HideSolutionNode = FALSE
	EndGlobalSection
	GlobalSection(ExtensibilityGlobals) = postSolution
		SolutionGuid = {05A28C2C-C77B-41C8-8B63-746270088D82}
	EndGlobalSection
EndGlobal
